
Microsoft Visual Studio Solution File, Format Version 12.00
# Visual Studio Version 16
VisualStudioVersion = 25.0.1706.12
MinimumVisualStudioVersion = 10.0.40219.1
Project("{FAE04EC0-301F-11D3-BF4B-00C04F79EFBC}") = "MagicVilla", "MagicVilla\MagicVilla.csproj", "{30F4E3DC-0C1A-4C07-9462-FD65858D8D3E}"
EndProject
Global
	GlobalSection(SolutionConfigurationPlatforms) = preSolution
		Debug|Any CPU = Debug|Any CPU
		Release|Any CPU = Release|Any CPU
	EndGlobalSection
	GlobalSection(ProjectConfigurationPlatforms) = postSolution
		{30F4E3DC-0C1A-4C07-9462-FD65858D8D3E}.Debug|Any CPU.ActiveCfg = Debug|Any CPU
		{30F4E3DC-0C1A-4C07-9462-FD65858D8D3E}.Debug|Any CPU.Build.0 = Debug|Any CPU
		{30F4E3DC-0C1A-4C07-9462-FD65858D8D3E}.Release|Any CPU.ActiveCfg = Release|Any CPU
		{30F4E3DC-0C1A-4C07-9462-FD65858D8D3E}.Release|Any CPU.Build.0 = Release|Any CPU
	EndGlobalSection
	GlobalSection(SolutionProperties) = preSolution
		HideSolutionNode = FALSE
	EndGlobalSection
	GlobalSection(ExtensibilityGlobals) = postSolution
		SolutionGuid = {A5ABADE8-A73C-4A02-B162-487D5E39FB79}
	EndGlobalSection
EndGlobal
